
Microsoft Visual Studio Solution File, Format Version 12.00
# Visual Studio Version 16
VisualStudioVersion = 16.0.31702.278
MinimumVisualStudioVersion = 10.0.40219.1
Project("{8BC9CEB8-8B4A-11D0-8D11-00A0C91BC942}") = "VirtoolsScriptDeobfuscation", "VirtoolsScriptDeobfuscation.vcxproj", "{A57A1C07-7465-4E11-A8A1-84DA8B0C2D79}"
EndProject
Global
	GlobalSection(SolutionConfigurationPlatforms) = preSolution
		Debug|x86 = Debug|x86
		Release|x86 = Release|x86
	EndGlobalSection
	GlobalSection(ProjectConfigurationPlatforms) = postSolution
		{A57A1C07-7465-4E11-A8A1-84DA8B0C2D79}.Debug|x86.ActiveCfg = Debug|Win32
		{A57A1C07-7465-4E11-A8A1-84DA8B0C2D79}.Debug|x86.Build.0 = Debug|Win32
		{A57A1C07-7465-4E11-A8A1-84DA8B0C2D79}.Release|x86.ActiveCfg = Release|Win32
		{A57A1C07-7465-4E11-A8A1-84DA8B0C2D79}.Release|x86.Build.0 = Release|Win32
	EndGlobalSection
	GlobalSection(SolutionProperties) = preSolution
		HideSolutionNode = FALSE
	EndGlobalSection
	GlobalSection(ExtensibilityGlobals) = postSolution
		SolutionGuid = {2D426549-32E0-4AA7-A819-FC593EA7EFD6}
	EndGlobalSection
EndGlobal
